
Microsoft Visual Studio Solution File, Format Version 12.00
# Visual Studio 15
VisualStudioVersion = 15.0.27703.2026
MinimumVisualStudioVersion = 10.0.40219.1
Project("{FAE04EC0-301F-11D3-BF4B-00C04F79EFBC}") = "App", "App\App.csproj", "{2CB833AA-45CB-455A-98CC-FADBD3DCB81D}"
EndProject
Project("{FAE04EC0-301F-11D3-BF4B-00C04F79EFBC}") = "JavaDocParser", "JavaDocParser\JavaDocParser.csproj", "{8BD0EB9F-6117-4C46-BAC8-62C808F39DD2}"
EndProject
Project("{FAE04EC0-301F-11D3-BF4B-00C04F79EFBC}") = "TestJavaDocParser", "TestJavaDocParser\TestJavaDocParser.csproj", "{3A394BA7-A329-4A20-9E74-34FA0F62F7D6}"
	ProjectSection(ProjectDependencies) = postProject
		{8BD0EB9F-6117-4C46-BAC8-62C808F39DD2} = {8BD0EB9F-6117-4C46-BAC8-62C808F39DD2}
	EndProjectSection
EndProject
Global
	GlobalSection(SolutionConfigurationPlatforms) = preSolution
		Debug|Any CPU = Debug|Any CPU
		Release|Any CPU = Release|Any CPU
	EndGlobalSection
	GlobalSection(ProjectConfigurationPlatforms) = postSolution
		{2CB833AA-45CB-455A-98CC-FADBD3DCB81D}.Debug|Any CPU.ActiveCfg = Debug|Any CPU
		{2CB833AA-45CB-455A-98CC-FADBD3DCB81D}.Debug|Any CPU.Build.0 = Debug|Any CPU
		{2CB833AA-45CB-455A-98CC-FADBD3DCB81D}.Release|Any CPU.ActiveCfg = Release|Any CPU
		{2CB833AA-45CB-455A-98CC-FADBD3DCB81D}.Release|Any CPU.Build.0 = Release|Any CPU
		{8BD0EB9F-6117-4C46-BAC8-62C808F39DD2}.Debug|Any CPU.ActiveCfg = Debug|Any CPU
		{8BD0EB9F-6117-4C46-BAC8-62C808F39DD2}.Debug|Any CPU.Build.0 = Debug|Any CPU
		{8BD0EB9F-6117-4C46-BAC8-62C808F39DD2}.Release|Any CPU.ActiveCfg = Release|Any CPU
		{8BD0EB9F-6117-4C46-BAC8-62C808F39DD2}.Release|Any CPU.Build.0 = Release|Any CPU
		{3A394BA7-A329-4A20-9E74-34FA0F62F7D6}.Debug|Any CPU.ActiveCfg = Debug|Any CPU
		{3A394BA7-A329-4A20-9E74-34FA0F62F7D6}.Debug|Any CPU.Build.0 = Debug|Any CPU
		{3A394BA7-A329-4A20-9E74-34FA0F62F7D6}.Release|Any CPU.ActiveCfg = Release|Any CPU
		{3A394BA7-A329-4A20-9E74-34FA0F62F7D6}.Release|Any CPU.Build.0 = Release|Any CPU
	EndGlobalSection
	GlobalSection(SolutionProperties) = preSolution
		HideSolutionNode = FALSE
	EndGlobalSection
	GlobalSection(ExtensibilityGlobals) = postSolution
		SolutionGuid = {8A129C5A-1C17-4958-878F-BF3E2BBF4997}
	EndGlobalSection
EndGlobal
